
Microsoft Visual Studio Solution File, Format Version 12.00
# Visual Studio Version 16
VisualStudioVersion = 16.0.31205.134
MinimumVisualStudioVersion = 10.0.40219.1
Project("{FAE04EC0-301F-11D3-BF4B-00C04F79EFBC}") = "Quad-Double", "Quad-Double\Quad-Double.csproj", "{BDE591CB-8E22-4676-87FE-F6CA34AAE223}"
EndProject
Project("{FAE04EC0-301F-11D3-BF4B-00C04F79EFBC}") = "Test", "Test\Test.csproj", "{3F946A0D-4803-4CC6-B5DA-C4D025EA2646}"
EndProject
Global
	GlobalSection(SolutionConfigurationPlatforms) = preSolution
		Debug|Any CPU = Debug|Any CPU
		Release|Any CPU = Release|Any CPU
	EndGlobalSection
	GlobalSection(ProjectConfigurationPlatforms) = postSolution
		{BDE591CB-8E22-4676-87FE-F6CA34AAE223}.Debug|Any CPU.ActiveCfg = Debug|Any CPU
		{BDE591CB-8E22-4676-87FE-F6CA34AAE223}.Debug|Any CPU.Build.0 = Debug|Any CPU
		{BDE591CB-8E22-4676-87FE-F6CA34AAE223}.Release|Any CPU.ActiveCfg = Release|Any CPU
		{BDE591CB-8E22-4676-87FE-F6CA34AAE223}.Release|Any CPU.Build.0 = Release|Any CPU
		{3F946A0D-4803-4CC6-B5DA-C4D025EA2646}.Debug|Any CPU.ActiveCfg = Debug|Any CPU
		{3F946A0D-4803-4CC6-B5DA-C4D025EA2646}.Debug|Any CPU.Build.0 = Debug|Any CPU
		{3F946A0D-4803-4CC6-B5DA-C4D025EA2646}.Release|Any CPU.ActiveCfg = Release|Any CPU
		{3F946A0D-4803-4CC6-B5DA-C4D025EA2646}.Release|Any CPU.Build.0 = Release|Any CPU
	EndGlobalSection
	GlobalSection(SolutionProperties) = preSolution
		HideSolutionNode = FALSE
	EndGlobalSection
	GlobalSection(ExtensibilityGlobals) = postSolution
		SolutionGuid = {F288EBA7-B660-434C-8C2D-8CEB78ACBC1D}
	EndGlobalSection
EndGlobal
